
Microsoft Visual Studio Solution File, Format Version 12.00
# Visual Studio Version 17
VisualStudioVersion = 17.13.35806.99 d17.13
MinimumVisualStudioVersion = 10.0.40219.1
Project("{FAE04EC0-301F-11D3-BF4B-00C04F79EFBC}") = "VentasWeb", "VentasWeb\VentasWeb.csproj", "{7E1C554A-6C32-4B09-9F86-87649DE3DF44}"
EndProject
Global
	GlobalSection(SolutionConfigurationPlatforms) = preSolution
		Debug|Any CPU = Debug|Any CPU
		Release|Any CPU = Release|Any CPU
	EndGlobalSection
	GlobalSection(ProjectConfigurationPlatforms) = postSolution
		{7E1C554A-6C32-4B09-9F86-87649DE3DF44}.Debug|Any CPU.ActiveCfg = Debug|Any CPU
		{7E1C554A-6C32-4B09-9F86-87649DE3DF44}.Debug|Any CPU.Build.0 = Debug|Any CPU
		{7E1C554A-6C32-4B09-9F86-87649DE3DF44}.Release|Any CPU.ActiveCfg = Release|Any CPU
		{7E1C554A-6C32-4B09-9F86-87649DE3DF44}.Release|Any CPU.Build.0 = Release|Any CPU
	EndGlobalSection
	GlobalSection(SolutionProperties) = preSolution
		HideSolutionNode = FALSE
	EndGlobalSection
	GlobalSection(ExtensibilityGlobals) = postSolution
		SolutionGuid = {BF097D67-6089-4509-AD50-3031183A951B}
	EndGlobalSection
EndGlobal
